
Microsoft Visual Studio Solution File, Format Version 12.00
# Visual Studio 15
VisualStudioVersion = 15.0.28307.1022
MinimumVisualStudioVersion = 10.0.40219.1
Project("{FAE04EC0-301F-11D3-BF4B-00C04F79EFBC}") = "Coursework", "Coursework\Coursework.csproj", "{795E83CC-A718-48FC-9E38-A7C429369344}"
EndProject
Global
	GlobalSection(SolutionConfigurationPlatforms) = preSolution
		Debug|Any CPU = Debug|Any CPU
		Release|Any CPU = Release|Any CPU
	EndGlobalSection
	GlobalSection(ProjectConfigurationPlatforms) = postSolution
		{795E83CC-A718-48FC-9E38-A7C429369344}.Debug|Any CPU.ActiveCfg = Debug|Any CPU
		{795E83CC-A718-48FC-9E38-A7C429369344}.Debug|Any CPU.Build.0 = Debug|Any CPU
		{795E83CC-A718-48FC-9E38-A7C429369344}.Release|Any CPU.ActiveCfg = Release|Any CPU
		{795E83CC-A718-48FC-9E38-A7C429369344}.Release|Any CPU.Build.0 = Release|Any CPU
	EndGlobalSection
	GlobalSection(SolutionProperties) = preSolution
		HideSolutionNode = FALSE
	EndGlobalSection
	GlobalSection(ExtensibilityGlobals) = postSolution
		SolutionGuid = {57E9D87A-8770-42DE-8D94-92AE5E66C6EC}
	EndGlobalSection
EndGlobal
